
Microsoft Visual Studio Solution File, Format Version 12.00
# Visual Studio 15
Project("{FAE04EC0-301F-11D3-BF4B-00C04F79EFBC}") = "Assembly-CSharp", "Assembly-CSharp.csproj", "{EFDFE53D-D54F-9F11-B13D-63D1A33A63FE}"
EndProject
Global
	GlobalSection(SolutionConfigurationPlatforms) = preSolution
		Debug|Any CPU = Debug|Any CPU
		Release|Any CPU = Release|Any CPU
	EndGlobalSection
	GlobalSection(ProjectConfigurationPlatforms) = postSolution
		{EFDFE53D-D54F-9F11-B13D-63D1A33A63FE}.Debug|Any CPU.ActiveCfg = Debug|Any CPU
		{EFDFE53D-D54F-9F11-B13D-63D1A33A63FE}.Debug|Any CPU.Build.0 = Debug|Any CPU
		{EFDFE53D-D54F-9F11-B13D-63D1A33A63FE}.Release|Any CPU.ActiveCfg = Release|Any CPU
		{EFDFE53D-D54F-9F11-B13D-63D1A33A63FE}.Release|Any CPU.Build.0 = Release|Any CPU
	EndGlobalSection
	GlobalSection(SolutionProperties) = preSolution
		HideSolutionNode = FALSE
	EndGlobalSection
EndGlobal
